<Solution>
  <Folder Name="/Solution Items/">
    <File Path="README.md" />
  </Folder>
  <Project Path="AIService.IntegrationTests/AIService.IntegrationTests.csproj" />
  <Project Path="AIService.Models/AIService.Models.csproj" />
  <Project Path="AIService.UnitTests/AIService.UnitTests.csproj">
    <Build Solution="Debug|*" Project="false" />
  </Project>
  <Project Path="AIService/AIService.csproj" />
  <Project Path="AIWeb/AIWeb.csproj" Id="97c6d694-f6d5-41b8-b50f-8e30f50d3aac" />
  <Project Path="Platform/Platform.csproj" />
  <Project Path="ServiceDefaults/Platform.ServiceDefaults.csproj" />
</Solution>
